// !$*UTF8*$!
{
	archiveVersion = 1;
	classes = {
	};
	objectVersion = 77;
	objects = {

/* Begin PBXBuildFile section */
		905588F72E31911F002FD576 /* FirebaseAuth in Frameworks */ = {isa = PBXBuildFile; productRef = 905588F62E31911F002FD576 /* FirebaseAuth */; };
		905588F92E31911F002FD576 /* FirebaseCore in Frameworks */ = {isa = PBXBuildFile; productRef = 905588F82E31911F002FD576 /* FirebaseCore */; };
		905588FB2E31911F002FD576 /* FirebaseDatabase in Frameworks */ = {isa = PBXBuildFile; productRef = 905588FA2E31911F002FD576 /* FirebaseDatabase */; };
		905588FD2E31911F002FD576 /* FirebaseFirestore in Frameworks */ = {isa = PBXBuildFile; productRef = 905588FC2E31911F002FD576 /* FirebaseFirestore */; };
		90C0B6A52E7C0E6C00112233 /* FirebaseStorage in Frameworks */ = {isa = PBXBuildFile; productRef = 90C0B6A42E7C0E6C00112233 /* FirebaseStorage */; };
		90C0B6B52E7C0E6C00112233 /* GoogleSignIn in Frameworks */ = {isa = PBXBuildFile; productRef = 90C0B6B42E7C0E6C00112233 /* GoogleSignIn */; };
		90D1A0012F0A100100112233 /* FirebaseAI in Frameworks */ = {isa = PBXBuildFile; productRef = 90D1A0022F0A100100112233 /* FirebaseAI */; };
		90E2B0012F1B100100112233 /* FirebaseRemoteConfig in Frameworks */ = {isa = PBXBuildFile; productRef = 90E2B0022F1B100100112233 /* FirebaseRemoteConfig */; };
		90F3D0012F2C100100112233 /* FirebaseFunctions in Frameworks */ = {isa = PBXBuildFile; productRef = 90F3D0022F2C100100112233 /* FirebaseFunctions */; };
		90F4E0012F2D100100112233 /* FirebaseAppCheck in Frameworks */ = {isa = PBXBuildFile; productRef = 90F4E0022F2D100100112233 /* FirebaseAppCheck */; };
		90F5E0012F3E100100112233 /* FirebaseMessaging in Frameworks */ = {isa = PBXBuildFile; productRef = 90F5E0022F3E100100112233 /* FirebaseMessaging */; };
/* End PBXBuildFile section */

/* Begin PBXContainerItemProxy section */
		907EC6AF2E31628D00BF5234 /* PBXContainerItemProxy */ = {
			isa = PBXContainerItemProxy;
			containerPortal = 907EC6992E31628C00BF5234 /* Project object */;
			proxyType = 1;
			remoteGlobalIDString = 907EC6A02E31628C00BF5234;
			remoteInfo = "Skydown App";
		};
		907EC6B92E31628D00BF5234 /* PBXContainerItemProxy */ = {
			isa = PBXContainerItemProxy;
			containerPortal = 907EC6992E31628C00BF5234 /* Project object */;
			proxyType = 1;
			remoteGlobalIDString = 907EC6A02E31628C00BF5234;
			remoteInfo = "Skydown App";
		};
/* End PBXContainerItemProxy section */

/* Begin PBXFileReference section */
		907EC6A12E31628C00BF5234 /* Skydown App.app */ = {isa = PBXFileReference; explicitFileType = wrapper.application; includeInIndex = 0; path = "Skydown App.app"; sourceTree = BUILT_PRODUCTS_DIR; };
		907EC6AE2E31628D00BF5234 /* Skydown AppTests.xctest */ = {isa = PBXFileReference; explicitFileType = wrapper.cfbundle; includeInIndex = 0; path = "Skydown AppTests.xctest"; sourceTree = BUILT_PRODUCTS_DIR; };
		907EC6B82E31628D00BF5234 /* Skydown AppUITests.xctest */ = {isa = PBXFileReference; explicitFileType = wrapper.cfbundle; includeInIndex = 0; path = "Skydown AppUITests.xctest"; sourceTree = BUILT_PRODUCTS_DIR; };
/* End PBXFileReference section */

/* Begin PBXFileSystemSynchronizedRootGroup section */
		907EC6A32E31628C00BF5234 /* Skydown App */ = {
			isa = PBXFileSystemSynchronizedRootGroup;
			path = "Skydown App";
			sourceTree = "<group>";
		};
		907EC6B12E31628D00BF5234 /* Skydown AppTests */ = {
			isa = PBXFileSystemSynchronizedRootGroup;
			path = "Skydown AppTests";
			sourceTree = "<group>";
		};
		907EC6BB2E31628D00BF5234 /* Skydown AppUITests */ = {
			isa = PBXFileSystemSynchronizedRootGroup;
			path = "Skydown AppUITests";
			sourceTree = "<group>";
		};
/* End PBXFileSystemSynchronizedRootGroup section */

/* Begin PBXFrameworksBuildPhase section */
		907EC69E2E31628C00BF5234 /* Frameworks */ = {
			isa = PBXFrameworksBuildPhase;
			buildActionMask = 2147483647;
			files = (
				90D1A0012F0A100100112233 /* FirebaseAI in Frameworks */,
				90F4E0012F2D100100112233 /* FirebaseAppCheck in Frameworks */,
				90F5E0012F3E100100112233 /* FirebaseMessaging in Frameworks */,
				90F3D0012F2C100100112233 /* FirebaseFunctions in Frameworks */,
				90E2B0012F1B100100112233 /* FirebaseRemoteConfig in Frameworks */,
				905588FB2E31911F002FD576 /* FirebaseDatabase in Frameworks */,
				905588FD2E31911F002FD576 /* FirebaseFirestore in Frameworks */,
				90C0B6A52E7C0E6C00112233 /* FirebaseStorage in Frameworks */,
				90C0B6B52E7C0E6C00112233 /* GoogleSignIn in Frameworks */,
				905588F92E31911F002FD576 /* FirebaseCore in Frameworks */,
				905588F72E31911F002FD576 /* FirebaseAuth in Frameworks */,
			);
			runOnlyForDeploymentPostprocessing = 0;
		};
		907EC6AB2E31628D00BF5234 /* Frameworks */ = {
			isa = PBXFrameworksBuildPhase;
			buildActionMask = 2147483647;
			files = (
			);
			runOnlyForDeploymentPostprocessing = 0;
		};
		907EC6B52E31628D00BF5234 /* Frameworks */ = {
			isa = PBXFrameworksBuildPhase;
			buildActionMask = 2147483647;
			files = (
			);
			runOnlyForDeploymentPostprocessing = 0;
		};
/* End PBXFrameworksBuildPhase section */

/* Begin PBXGroup section */
		907EC6982E31628C00BF5234 = {
			isa = PBXGroup;
			children = (
				907EC6A32E31628C00BF5234 /* Skydown App */,
				907EC6B12E31628D00BF5234 /* Skydown AppTests */,
				907EC6BB2E31628D00BF5234 /* Skydown AppUITests */,
				907EC6A22E31628C00BF5234 /* Products */,
			);
			sourceTree = "<group>";
		};
		907EC6A22E31628C00BF5234 /* Products */ = {
			isa = PBXGroup;
			children = (
				907EC6A12E31628C00BF5234 /* Skydown App.app */,
				907EC6AE2E31628D00BF5234 /* Skydown AppTests.xctest */,
				907EC6B82E31628D00BF5234 /* Skydown AppUITests.xctest */,
			);
			name = Products;
			sourceTree = "<group>";
		};
/* End PBXGroup section */

/* Begin PBXNativeTarget section */
		907EC6A02E31628C00BF5234 /* Skydown App */ = {
			isa = PBXNativeTarget;
			buildConfigurationList = 907EC6C22E31628D00BF5234 /* Build configuration list for PBXNativeTarget "Skydown App" */;
			buildPhases = (
				907EC69D2E31628C00BF5234 /* Sources */,
				907EC69E2E31628C00BF5234 /* Frameworks */,
				907EC69F2E31628C00BF5234 /* Resources */,
			);
			buildRules = (
			);
			dependencies = (
			);
			fileSystemSynchronizedGroups = (
				907EC6A32E31628C00BF5234 /* Skydown App */,
			);
			name = "Skydown App";
			packageProductDependencies = (
				90D1A0022F0A100100112233 /* FirebaseAI */,
				90F4E0022F2D100100112233 /* FirebaseAppCheck */,
				90F5E0022F3E100100112233 /* FirebaseMessaging */,
				90F3D0022F2C100100112233 /* FirebaseFunctions */,
				90E2B0022F1B100100112233 /* FirebaseRemoteConfig */,
				905588F62E31911F002FD576 /* FirebaseAuth */,
				905588F82E31911F002FD576 /* FirebaseCore */,
				905588FA2E31911F002FD576 /* FirebaseDatabase */,
				905588FC2E31911F002FD576 /* FirebaseFirestore */,
				90C0B6A42E7C0E6C00112233 /* FirebaseStorage */,
				90C0B6B42E7C0E6C00112233 /* GoogleSignIn */,
			);
			productName = "Skydown App";
			productReference = 907EC6A12E31628C00BF5234 /* Skydown App.app */;
			productType = "com.apple.product-type.application";
		};
		907EC6AD2E31628D00BF5234 /* Skydown AppTests */ = {
			isa = PBXNativeTarget;
			buildConfigurationList = 907EC6C52E31628D00BF5234 /* Build configuration list for PBXNativeTarget "Skydown AppTests" */;
			buildPhases = (
				907EC6AA2E31628D00BF5234 /* Sources */,
				907EC6AB2E31628D00BF5234 /* Frameworks */,
				907EC6AC2E31628D00BF5234 /* Resources */,
			);
			buildRules = (
			);
			dependencies = (
				907EC6B02E31628D00BF5234 /* PBXTargetDependency */,
			);
			fileSystemSynchronizedGroups = (
				907EC6B12E31628D00BF5234 /* Skydown AppTests */,
			);
			name = "Skydown AppTests";
			packageProductDependencies = (
			);
			productName = "Skydown AppTests";
			productReference = 907EC6AE2E31628D00BF5234 /* Skydown AppTests.xctest */;
			productType = "com.apple.product-type.bundle.unit-test";
		};
		907EC6B72E31628D00BF5234 /* Skydown AppUITests */ = {
			isa = PBXNativeTarget;
			buildConfigurationList = 907EC6C82E31628D00BF5234 /* Build configuration list for PBXNativeTarget "Skydown AppUITests" */;
			buildPhases = (
				907EC6B42E31628D00BF5234 /* Sources */,
				907EC6B52E31628D00BF5234 /* Frameworks */,
				907EC6B62E31628D00BF5234 /* Resources */,
			);
			buildRules = (
			);
			dependencies = (
				907EC6BA2E31628D00BF5234 /* PBXTargetDependency */,
			);
			fileSystemSynchronizedGroups = (
				907EC6BB2E31628D00BF5234 /* Skydown AppUITests */,
			);
			name = "Skydown AppUITests";
			packageProductDependencies = (
			);
			productName = "Skydown AppUITests";
			productReference = 907EC6B82E31628D00BF5234 /* Skydown AppUITests.xctest */;
			productType = "com.apple.product-type.bundle.ui-testing";
		};
/* End PBXNativeTarget section */

/* Begin PBXProject section */
		907EC6992E31628C00BF5234 /* Project object */ = {
			isa = PBXProject;
			attributes = {
				BuildIndependentTargetsInParallel = 1;
				LastSwiftUpdateCheck = 1640;
				LastUpgradeCheck = 2630;
				TargetAttributes = {
					907EC6A02E31628C00BF5234 = {
						CreatedOnToolsVersion = 16.4;
					};
					907EC6AD2E31628D00BF5234 = {
						CreatedOnToolsVersion = 16.4;
						TestTargetID = 907EC6A02E31628C00BF5234;
					};
					907EC6B72E31628D00BF5234 = {
						CreatedOnToolsVersion = 16.4;
						TestTargetID = 907EC6A02E31628C00BF5234;
					};
				};
			};
			buildConfigurationList = 907EC69C2E31628C00BF5234 /* Build configuration list for PBXProject "Skydown App" */;
			developmentRegion = de;
			hasScannedForEncodings = 0;
			knownRegions = (
				en,
				Base,
				it,
				pt,
				es,
				nl,
				pl,
				tr,
				ja,
				fr,
				de,
			);
			mainGroup = 907EC6982E31628C00BF5234;
			minimizedProjectReferenceProxies = 1;
			packageReferences = (
				905588F52E31911F002FD576 /* XCRemoteSwiftPackageReference "firebase-ios-sdk" */,
				90C0B6B32E7C0E6C00112233 /* XCRemoteSwiftPackageReference "GoogleSignIn-iOS" */,
			);
			preferredProjectObjectVersion = 77;
			productRefGroup = 907EC6A22E31628C00BF5234 /* Products */;
			projectDirPath = "";
			projectRoot = "";
			targets = (
				907EC6A02E31628C00BF5234 /* Skydown App */,
				907EC6AD2E31628D00BF5234 /* Skydown AppTests */,
				907EC6B72E31628D00BF5234 /* Skydown AppUITests */,
			);
		};
/* End PBXProject section */

/* Begin PBXResourcesBuildPhase section */
		907EC69F2E31628C00BF5234 /* Resources */ = {
			isa = PBXResourcesBuildPhase;
			buildActionMask = 2147483647;
			files = (
			);
			runOnlyForDeploymentPostprocessing = 0;
		};
		907EC6AC2E31628D00BF5234 /* Resources */ = {
			isa = PBXResourcesBuildPhase;
			buildActionMask = 2147483647;
			files = (
			);
			runOnlyForDeploymentPostprocessing = 0;
		};
		907EC6B62E31628D00BF5234 /* Resources */ = {
			isa = PBXResourcesBuildPhase;
			buildActionMask = 2147483647;
			files = (
			);
			runOnlyForDeploymentPostprocessing = 0;
		};
/* End PBXResourcesBuildPhase section */

/* Begin PBXSourcesBuildPhase section */
		907EC69D2E31628C00BF5234 /* Sources */ = {
			isa = PBXSourcesBuildPhase;
			buildActionMask = 2147483647;
			files = (
			);
			runOnlyForDeploymentPostprocessing = 0;
		};
		907EC6AA2E31628D00BF5234 /* Sources */ = {
			isa = PBXSourcesBuildPhase;
			buildActionMask = 2147483647;
			files = (
			);
			runOnlyForDeploymentPostprocessing = 0;
		};
		907EC6B42E31628D00BF5234 /* Sources */ = {
			isa = PBXSourcesBuildPhase;
			buildActionMask = 2147483647;
			files = (
			);
			runOnlyForDeploymentPostprocessing = 0;
		};
/* End PBXSourcesBuildPhase section */

/* Begin PBXTargetDependency section */
		907EC6B02E31628D00BF5234 /* PBXTargetDependency */ = {
			isa = PBXTargetDependency;
			target = 907EC6A02E31628C00BF5234 /* Skydown App */;
			targetProxy = 907EC6AF2E31628D00BF5234 /* PBXContainerItemProxy */;
		};
		907EC6BA2E31628D00BF5234 /* PBXTargetDependency */ = {
			isa = PBXTargetDependency;
			target = 907EC6A02E31628C00BF5234 /* Skydown App */;
			targetProxy = 907EC6B92E31628D00BF5234 /* PBXContainerItemProxy */;
		};
/* End PBXTargetDependency section */

/* Begin XCBuildConfiguration section */
		907EC6C02E31628D00BF5234 /* Debug */ = {
			isa = XCBuildConfiguration;
			buildSettings = {
				ALWAYS_SEARCH_USER_PATHS = NO;
				ASSETCATALOG_COMPILER_GENERATE_SWIFT_ASSET_SYMBOL_EXTENSIONS = YES;
				CLANG_ANALYZER_NONNULL = YES;
				CLANG_ANALYZER_NUMBER_OBJECT_CONVERSION = YES_AGGRESSIVE;
				CLANG_CXX_LANGUAGE_STANDARD = "gnu++20";
				CLANG_ENABLE_MODULES = YES;
				CLANG_ENABLE_OBJC_ARC = YES;
				CLANG_ENABLE_OBJC_WEAK = YES;
				CLANG_WARN_BLOCK_CAPTURE_AUTORELEASING = YES;
				CLANG_WARN_BOOL_CONVERSION = YES;
				CLANG_WARN_COMMA = YES;
				CLANG_WARN_CONSTANT_CONVERSION = YES;
				CLANG_WARN_DEPRECATED_OBJC_IMPLEMENTATIONS = YES;
				CLANG_WARN_DIRECT_OBJC_ISA_USAGE = YES_ERROR;
				CLANG_WARN_DOCUMENTATION_COMMENTS = YES;
				CLANG_WARN_EMPTY_BODY = YES;
				CLANG_WARN_ENUM_CONVERSION = YES;
				CLANG_WARN_INFINITE_RECURSION = YES;
				CLANG_WARN_INT_CONVERSION = YES;
				CLANG_WARN_NON_LITERAL_NULL_CONVERSION = YES;
				CLANG_WARN_OBJC_IMPLICIT_RETAIN_SELF = YES;
				CLANG_WARN_OBJC_LITERAL_CONVERSION = YES;
				CLANG_WARN_OBJC_ROOT_CLASS = YES_ERROR;
				CLANG_WARN_QUOTED_INCLUDE_IN_FRAMEWORK_HEADER = YES;
				CLANG_WARN_RANGE_LOOP_ANALYSIS = YES;
				CLANG_WARN_STRICT_PROTOTYPES = YES;
				CLANG_WARN_SUSPICIOUS_MOVE = YES;
				CLANG_WARN_UNGUARDED_AVAILABILITY = YES_AGGRESSIVE;
				CLANG_WARN_UNREACHABLE_CODE = YES;
				CLANG_WARN__DUPLICATE_METHOD_MATCH = YES;
				COPY_PHASE_STRIP = NO;
				DEBUG_INFORMATION_FORMAT = dwarf;
				DEVELOPMENT_TEAM = F3BNLG6L7P;
				ENABLE_STRICT_OBJC_MSGSEND = YES;
				ENABLE_TESTABILITY = YES;
				ENABLE_USER_SCRIPT_SANDBOXING = YES;
				GCC_C_LANGUAGE_STANDARD = gnu17;
				GCC_DYNAMIC_NO_PIC = NO;
				GCC_NO_COMMON_BLOCKS = YES;
				GCC_OPTIMIZATION_LEVEL = 0;
				GCC_PREPROCESSOR_DEFINITIONS = (
					"DEBUG=1",
					"$(inherited)",
				);
				GCC_WARN_64_TO_32_BIT_CONVERSION = YES;
				GCC_WARN_ABOUT_RETURN_TYPE = YES_ERROR;
				GCC_WARN_UNDECLARED_SELECTOR = YES;
				GCC_WARN_UNINITIALIZED_AUTOS = YES_AGGRESSIVE;
				GCC_WARN_UNUSED_FUNCTION = YES;
				GCC_WARN_UNUSED_VARIABLE = YES;
				IPHONEOS_DEPLOYMENT_TARGET = 18.5;
				LOCALIZATION_PREFERS_STRING_CATALOGS = YES;
				MTL_ENABLE_DEBUG_INFO = INCLUDE_SOURCE;
				MTL_FAST_MATH = YES;
				ONLY_ACTIVE_ARCH = YES;
				SDKROOT = iphoneos;
				STRING_CATALOG_GENERATE_SYMBOLS = YES;
				SWIFT_ACTIVE_COMPILATION_CONDITIONS = "DEBUG $(inherited)";
				SWIFT_OPTIMIZATION_LEVEL = "-Onone";
			};
			name = Debug;
		};
		907EC6C12E31628D00BF5234 /* Release */ = {
			isa = XCBuildConfiguration;
			buildSettings = {
				ALWAYS_SEARCH_USER_PATHS = NO;
				ASSETCATALOG_COMPILER_GENERATE_SWIFT_ASSET_SYMBOL_EXTENSIONS = YES;
				CLANG_ANALYZER_NONNULL = YES;
				CLANG_ANALYZER_NUMBER_OBJECT_CONVERSION = YES_AGGRESSIVE;
				CLANG_CXX_LANGUAGE_STANDARD = "gnu++20";
				CLANG_ENABLE_MODULES = YES;
				CLANG_ENABLE_OBJC_ARC = YES;
				CLANG_ENABLE_OBJC_WEAK = YES;
				CLANG_WARN_BLOCK_CAPTURE_AUTORELEASING = YES;
				CLANG_WARN_BOOL_CONVERSION = YES;
				CLANG_WARN_COMMA = YES;
				CLANG_WARN_CONSTANT_CONVERSION = YES;
				CLANG_WARN_DEPRECATED_OBJC_IMPLEMENTATIONS = YES;
				CLANG_WARN_DIRECT_OBJC_ISA_USAGE = YES_ERROR;
				CLANG_WARN_DOCUMENTATION_COMMENTS = YES;
				CLANG_WARN_EMPTY_BODY = YES;
				CLANG_WARN_ENUM_CONVERSION = YES;
				CLANG_WARN_INFINITE_RECURSION = YES;
				CLANG_WARN_INT_CONVERSION = YES;
				CLANG_WARN_NON_LITERAL_NULL_CONVERSION = YES;
				CLANG_WARN_OBJC_IMPLICIT_RETAIN_SELF = YES;
				CLANG_WARN_OBJC_LITERAL_CONVERSION = YES;
				CLANG_WARN_OBJC_ROOT_CLASS = YES_ERROR;
				CLANG_WARN_QUOTED_INCLUDE_IN_FRAMEWORK_HEADER = YES;
				CLANG_WARN_RANGE_LOOP_ANALYSIS = YES;
				CLANG_WARN_STRICT_PROTOTYPES = YES;
				CLANG_WARN_SUSPICIOUS_MOVE = YES;
				CLANG_WARN_UNGUARDED_AVAILABILITY = YES_AGGRESSIVE;
				CLANG_WARN_UNREACHABLE_CODE = YES;
				CLANG_WARN__DUPLICATE_METHOD_MATCH = YES;
				COPY_PHASE_STRIP = NO;
				DEBUG_INFORMATION_FORMAT = "dwarf-with-dsym";
				DEVELOPMENT_TEAM = F3BNLG6L7P;
				ENABLE_NS_ASSERTIONS = NO;
				ENABLE_STRICT_OBJC_MSGSEND = YES;
				ENABLE_USER_SCRIPT_SANDBOXING = YES;
				GCC_C_LANGUAGE_STANDARD = gnu17;
				GCC_NO_COMMON_BLOCKS = YES;
				GCC_WARN_64_TO_32_BIT_CONVERSION = YES;
				GCC_WARN_ABOUT_RETURN_TYPE = YES_ERROR;
				GCC_WARN_UNDECLARED_SELECTOR = YES;
				GCC_WARN_UNINITIALIZED_AUTOS = YES_AGGRESSIVE;
				GCC_WARN_UNUSED_FUNCTION = YES;
				GCC_WARN_UNUSED_VARIABLE = YES;
				IPHONEOS_DEPLOYMENT_TARGET = 18.5;
				LOCALIZATION_PREFERS_STRING_CATALOGS = YES;
				MTL_ENABLE_DEBUG_INFO = NO;
				MTL_FAST_MATH = YES;
				SDKROOT = iphoneos;
				STRING_CATALOG_GENERATE_SYMBOLS = YES;
				SWIFT_COMPILATION_MODE = wholemodule;
				VALIDATE_PRODUCT = YES;
			};
			name = Release;
		};
		907EC6C32E31628D00BF5234 /* Debug */ = {
			isa = XCBuildConfiguration;
			buildSettings = {
				ASSETCATALOG_COMPILER_APPICON_NAME = AppIcon;
				ASSETCATALOG_COMPILER_GLOBAL_ACCENT_COLOR_NAME = AccentColor;
				APS_ENVIRONMENT = development;
				CODE_SIGN_ENTITLEMENTS = "Skydown App/SkydownApp.entitlements";
				CODE_SIGN_STYLE = Automatic;
					CURRENT_PROJECT_VERSION = 10023;
				DEVELOPMENT_TEAM = F3BNLG6L7P;
				ENABLE_PREVIEWS = YES;
				EXCLUDED_SOURCE_FILE_NAMES = (
					de.lproj,
					es.lproj,
					fr.lproj,
					it.lproj,
					ja.lproj,
					nl.lproj,
					pl.lproj,
					pt.lproj,
					tr.lproj,
				);
				GENERATE_INFOPLIST_FILE = NO;
				INFOPLIST_FILE = "SkydownApp-Info.plist";
				LD_RUNPATH_SEARCH_PATHS = (
					"$(inherited)",
					"@executable_path/Frameworks",
				);
				MARKETING_VERSION = 1.0.0;
				PRODUCT_BUNDLE_IDENTIFIER = com.skydown.ios;
				PRODUCT_NAME = "$(TARGET_NAME)";
				PROVISIONING_PROFILE_SPECIFIER = "";
				SUPPORTED_PLATFORMS = "iphoneos iphonesimulator";
				SUPPORTS_MACCATALYST = YES;
				SUPPORTS_MAC_DESIGNED_FOR_IPHONE_IPAD = NO;
				SUPPORTS_XR_DESIGNED_FOR_IPHONE_IPAD = NO;
				SWIFT_EMIT_LOC_STRINGS = YES;
				SWIFT_VERSION = 5.0;
				TARGETED_DEVICE_FAMILY = "1,2";
			};
			name = Debug;
		};
		907EC6C42E31628D00BF5234 /* Release */ = {
			isa = XCBuildConfiguration;
			buildSettings = {
				ASSETCATALOG_COMPILER_APPICON_NAME = AppIcon;
				ASSETCATALOG_COMPILER_GLOBAL_ACCENT_COLOR_NAME = AccentColor;
				APS_ENVIRONMENT = production;
				CODE_SIGN_ENTITLEMENTS = "Skydown App/SkydownApp.entitlements";
				CODE_SIGN_STYLE = Automatic;
					CURRENT_PROJECT_VERSION = 10023;
				DEVELOPMENT_TEAM = F3BNLG6L7P;
				ENABLE_PREVIEWS = YES;
				EXCLUDED_SOURCE_FILE_NAMES = (
					de.lproj,
					es.lproj,
					fr.lproj,
					it.lproj,
					ja.lproj,
					nl.lproj,
					pl.lproj,
					pt.lproj,
					tr.lproj,
				);
				GENERATE_INFOPLIST_FILE = NO;
				INFOPLIST_FILE = "SkydownApp-Info.plist";
				LD_RUNPATH_SEARCH_PATHS = (
					"$(inherited)",
					"@executable_path/Frameworks",
				);
				MARKETING_VERSION = 1.0.0;
				PRODUCT_BUNDLE_IDENTIFIER = com.skydown.ios;
				PRODUCT_NAME = "$(TARGET_NAME)";
				PROVISIONING_PROFILE_SPECIFIER = "";
				SUPPORTED_PLATFORMS = "iphoneos iphonesimulator";
				SUPPORTS_MACCATALYST = YES;
				SUPPORTS_MAC_DESIGNED_FOR_IPHONE_IPAD = NO;
				SUPPORTS_XR_DESIGNED_FOR_IPHONE_IPAD = NO;
				SWIFT_EMIT_LOC_STRINGS = YES;
				SWIFT_VERSION = 5.0;
				TARGETED_DEVICE_FAMILY = "1,2";
			};
			name = Release;
		};
		907EC6C62E31628D00BF5234 /* Debug */ = {
			isa = XCBuildConfiguration;
			buildSettings = {
				BUNDLE_LOADER = "$(TEST_HOST)";
				CODE_SIGN_STYLE = Automatic;
					CURRENT_PROJECT_VERSION = 10023;
				DEVELOPMENT_TEAM = F3BNLG6L7P;
				GENERATE_INFOPLIST_FILE = YES;
				IPHONEOS_DEPLOYMENT_TARGET = 18.5;
				MARKETING_VERSION = 1.0.0;
				PRODUCT_BUNDLE_IDENTIFIER = com.skydown.iosTests;
				PRODUCT_NAME = "$(TARGET_NAME)";
				SWIFT_EMIT_LOC_STRINGS = NO;
				SWIFT_VERSION = 5.0;
				TARGETED_DEVICE_FAMILY = "1,2";
				TEST_HOST = "$(BUILT_PRODUCTS_DIR)/Skydown App.app/$(BUNDLE_EXECUTABLE_FOLDER_PATH)/Skydown App";
			};
			name = Debug;
		};
		907EC6C72E31628D00BF5234 /* Release */ = {
			isa = XCBuildConfiguration;
			buildSettings = {
				BUNDLE_LOADER = "$(TEST_HOST)";
				CODE_SIGN_STYLE = Automatic;
					CURRENT_PROJECT_VERSION = 10023;
				DEVELOPMENT_TEAM = F3BNLG6L7P;
				GENERATE_INFOPLIST_FILE = YES;
				IPHONEOS_DEPLOYMENT_TARGET = 18.5;
				MARKETING_VERSION = 1.0.0;
				PRODUCT_BUNDLE_IDENTIFIER = com.skydown.iosTests;
				PRODUCT_NAME = "$(TARGET_NAME)";
				SWIFT_EMIT_LOC_STRINGS = NO;
				SWIFT_VERSION = 5.0;
				TARGETED_DEVICE_FAMILY = "1,2";
				TEST_HOST = "$(BUILT_PRODUCTS_DIR)/Skydown App.app/$(BUNDLE_EXECUTABLE_FOLDER_PATH)/Skydown App";
			};
			name = Release;
		};
		907EC6C92E31628D00BF5234 /* Debug */ = {
			isa = XCBuildConfiguration;
			buildSettings = {
				CODE_SIGN_STYLE = Automatic;
					CURRENT_PROJECT_VERSION = 10023;
				DEVELOPMENT_TEAM = F3BNLG6L7P;
				GENERATE_INFOPLIST_FILE = YES;
				MARKETING_VERSION = 1.0.0;
				PRODUCT_BUNDLE_IDENTIFIER = com.skydown.iosUITests;
				PRODUCT_NAME = "$(TARGET_NAME)";
				SWIFT_EMIT_LOC_STRINGS = NO;
				SWIFT_VERSION = 5.0;
				TARGETED_DEVICE_FAMILY = "1,2";
				TEST_TARGET_NAME = "Skydown App";
			};
			name = Debug;
		};
		907EC6CA2E31628D00BF5234 /* Release */ = {
			isa = XCBuildConfiguration;
			buildSettings = {
				CODE_SIGN_STYLE = Automatic;
					CURRENT_PROJECT_VERSION = 10023;
				DEVELOPMENT_TEAM = F3BNLG6L7P;
				GENERATE_INFOPLIST_FILE = YES;
				MARKETING_VERSION = 1.0.0;
				PRODUCT_BUNDLE_IDENTIFIER = com.skydown.iosUITests;
				PRODUCT_NAME = "$(TARGET_NAME)";
				SWIFT_EMIT_LOC_STRINGS = NO;
				SWIFT_VERSION = 5.0;
				TARGETED_DEVICE_FAMILY = "1,2";
				TEST_TARGET_NAME = "Skydown App";
			};
			name = Release;
		};
/* End XCBuildConfiguration section */

/* Begin XCConfigurationList section */
		907EC69C2E31628C00BF5234 /* Build configuration list for PBXProject "Skydown App" */ = {
			isa = XCConfigurationList;
			buildConfigurations = (
				907EC6C02E31628D00BF5234 /* Debug */,
				907EC6C12E31628D00BF5234 /* Release */,
			);
			defaultConfigurationIsVisible = 0;
			defaultConfigurationName = Release;
		};
		907EC6C22E31628D00BF5234 /* Build configuration list for PBXNativeTarget "Skydown App" */ = {
			isa = XCConfigurationList;
			buildConfigurations = (
				907EC6C32E31628D00BF5234 /* Debug */,
				907EC6C42E31628D00BF5234 /* Release */,
			);
			defaultConfigurationIsVisible = 0;
			defaultConfigurationName = Release;
		};
		907EC6C52E31628D00BF5234 /* Build configuration list for PBXNativeTarget "Skydown AppTests" */ = {
			isa = XCConfigurationList;
			buildConfigurations = (
				907EC6C62E31628D00BF5234 /* Debug */,
				907EC6C72E31628D00BF5234 /* Release */,
			);
			defaultConfigurationIsVisible = 0;
			defaultConfigurationName = Release;
		};
		907EC6C82E31628D00BF5234 /* Build configuration list for PBXNativeTarget "Skydown AppUITests" */ = {
			isa = XCConfigurationList;
			buildConfigurations = (
				907EC6C92E31628D00BF5234 /* Debug */,
				907EC6CA2E31628D00BF5234 /* Release */,
			);
			defaultConfigurationIsVisible = 0;
			defaultConfigurationName = Release;
		};
/* End XCConfigurationList section */

/* Begin XCRemoteSwiftPackageReference section */
		905588F52E31911F002FD576 /* XCRemoteSwiftPackageReference "firebase-ios-sdk" */ = {
			isa = XCRemoteSwiftPackageReference;
			repositoryURL = "https://github.com/firebase/firebase-ios-sdk.git";
			requirement = {
				kind = upToNextMajorVersion;
				minimumVersion = 12.12.0;
			};
		};
		90C0B6B32E7C0E6C00112233 /* XCRemoteSwiftPackageReference "GoogleSignIn-iOS" */ = {
			isa = XCRemoteSwiftPackageReference;
			repositoryURL = "https://github.com/google/GoogleSignIn-iOS";
			requirement = {
				kind = upToNextMajorVersion;
				minimumVersion = 8.0.0;
			};
		};
/* End XCRemoteSwiftPackageReference section */

/* Begin XCSwiftPackageProductDependency section */
		905588F62E31911F002FD576 /* FirebaseAuth */ = {
			isa = XCSwiftPackageProductDependency;
			package = 905588F52E31911F002FD576 /* XCRemoteSwiftPackageReference "firebase-ios-sdk" */;
			productName = FirebaseAuth;
		};
		905588F82E31911F002FD576 /* FirebaseCore */ = {
			isa = XCSwiftPackageProductDependency;
			package = 905588F52E31911F002FD576 /* XCRemoteSwiftPackageReference "firebase-ios-sdk" */;
			productName = FirebaseCore;
		};
		905588FA2E31911F002FD576 /* FirebaseDatabase */ = {
			isa = XCSwiftPackageProductDependency;
			package = 905588F52E31911F002FD576 /* XCRemoteSwiftPackageReference "firebase-ios-sdk" */;
			productName = FirebaseDatabase;
		};
		905588FC2E31911F002FD576 /* FirebaseFirestore */ = {
			isa = XCSwiftPackageProductDependency;
			package = 905588F52E31911F002FD576 /* XCRemoteSwiftPackageReference "firebase-ios-sdk" */;
			productName = FirebaseFirestore;
		};
		90C0B6A42E7C0E6C00112233 /* FirebaseStorage */ = {
			isa = XCSwiftPackageProductDependency;
			package = 905588F52E31911F002FD576 /* XCRemoteSwiftPackageReference "firebase-ios-sdk" */;
			productName = FirebaseStorage;
		};
		90C0B6B42E7C0E6C00112233 /* GoogleSignIn */ = {
			isa = XCSwiftPackageProductDependency;
			package = 90C0B6B32E7C0E6C00112233 /* XCRemoteSwiftPackageReference "GoogleSignIn-iOS" */;
			productName = GoogleSignIn;
		};
		90D1A0022F0A100100112233 /* FirebaseAI */ = {
			isa = XCSwiftPackageProductDependency;
			package = 905588F52E31911F002FD576 /* XCRemoteSwiftPackageReference "firebase-ios-sdk" */;
			productName = FirebaseAI;
		};
		90E2B0022F1B100100112233 /* FirebaseRemoteConfig */ = {
			isa = XCSwiftPackageProductDependency;
			package = 905588F52E31911F002FD576 /* XCRemoteSwiftPackageReference "firebase-ios-sdk" */;
			productName = FirebaseRemoteConfig;
		};
		90F3D0022F2C100100112233 /* FirebaseFunctions */ = {
			isa = XCSwiftPackageProductDependency;
			package = 905588F52E31911F002FD576 /* XCRemoteSwiftPackageReference "firebase-ios-sdk" */;
			productName = FirebaseFunctions;
		};
		90F4E0022F2D100100112233 /* FirebaseAppCheck */ = {
			isa = XCSwiftPackageProductDependency;
			package = 905588F52E31911F002FD576 /* XCRemoteSwiftPackageReference "firebase-ios-sdk" */;
			productName = FirebaseAppCheck;
		};
		90F5E0022F3E100100112233 /* FirebaseMessaging */ = {
			isa = XCSwiftPackageProductDependency;
			package = 905588F52E31911F002FD576 /* XCRemoteSwiftPackageReference "firebase-ios-sdk" */;
			productName = FirebaseMessaging;
		};
/* End XCSwiftPackageProductDependency section */
	};
	rootObject = 907EC6992E31628C00BF5234 /* Project object */;
}
